// !$*UTF8*$!
{
	archiveVersion = 1;
	classes = {
	};
	objectVersion = 46;
	objects = {

/* Begin PBXBuildFile section */
		6FBBC3691BDC4BBC009C333D /* AppDelegate.m in Sources */ = {isa = PBXBuildFile; fileRef = 6FBBC3681BDC4BBC009C333D /* AppDelegate.m */; };
		6FBBC36C1BDC4BBC009C333D /* main.m in Sources */ = {isa = PBXBuildFile; fileRef = 6FBBC36B1BDC4BBC009C333D /* main.m */; };
		6FBBC36E1BDC4BBC009C333D /* Assets.xcassets in Resources */ = {isa = PBXBuildFile; fileRef = 6FBBC36D1BDC4BBC009C333D /* Assets.xcassets */; };
		6FBBC3711BDC4BBD009C333D /* MainMenu.xib in Resources */ = {isa = PBXBuildFile; fileRef = 6FBBC36F1BDC4BBD009C333D /* MainMenu.xib */; };
		6FBBC37E1BDC4D62009C333D /* Realm.framework in Frameworks */ = {isa = PBXBuildFile; fileRef = 6FBBC37D1BDC4D62009C333D /* Realm.framework */; };
		6FBBC3821BDC4E61009C333D /* Realm.framework in Frameworks */ = {isa = PBXBuildFile; fileRef = 6FBBC3811BDC4E61009C333D /* Realm.framework */; };
		6FBBC3831BDC4E61009C333D /* Realm.framework in Embed Frameworks */ = {isa = PBXBuildFile; fileRef = 6FBBC3811BDC4E61009C333D /* Realm.framework */; settings = {ATTRIBUTES = (CodeSignOnCopy, RemoveHeadersOnCopy, ); }; };
		6FBBC3891BDC5116009C333D /* Person.m in Sources */ = {isa = PBXBuildFile; fileRef = 6FBBC3881BDC5116009C333D /* Person.m */; settings = {ASSET_TAGS = (); }; };
/* End PBXBuildFile section */

/* Begin PBXCopyFilesBuildPhase section */
		6FBBC3841BDC4E61009C333D /* Embed Frameworks */ = {
			isa = PBXCopyFilesBuildPhase;
			buildActionMask = 2147483647;
			dstPath = "";
			dstSubfolderSpec = 10;
			files = (
				6FBBC3831BDC4E61009C333D /* Realm.framework in Embed Frameworks */,
			);
			name = "Embed Frameworks";
			runOnlyForDeploymentPostprocessing = 0;
		};
/* End PBXCopyFilesBuildPhase section */

/* Begin PBXFileReference section */
		6FBBC3641BDC4BBC009C333D /* testingRealm.app */ = {isa = PBXFileReference; explicitFileType = wrapper.application; includeInIndex = 0; path = testingRealm.app; sourceTree = BUILT_PRODUCTS_DIR; };
		6FBBC3671BDC4BBC009C333D /* AppDelegate.h */ = {isa = PBXFileReference; lastKnownFileType = sourcecode.c.h; path = AppDelegate.h; sourceTree = "<group>"; };
		6FBBC3681BDC4BBC009C333D /* AppDelegate.m */ = {isa = PBXFileReference; lastKnownFileType = sourcecode.c.objc; path = AppDelegate.m; sourceTree = "<group>"; };
		6FBBC36B1BDC4BBC009C333D /* main.m */ = {isa = PBXFileReference; lastKnownFileType = sourcecode.c.objc; path = main.m; sourceTree = "<group>"; };
		6FBBC36D1BDC4BBC009C333D /* Assets.xcassets */ = {isa = PBXFileReference; lastKnownFileType = folder.assetcatalog; path = Assets.xcassets; sourceTree = "<group>"; };
		6FBBC3701BDC4BBD009C333D /* Base */ = {isa = PBXFileReference; lastKnownFileType = file.xib; name = Base; path = Base.lproj/MainMenu.xib; sourceTree = "<group>"; };
		6FBBC3721BDC4BBD009C333D /* Info.plist */ = {isa = PBXFileReference; lastKnownFileType = text.plist.xml; path = Info.plist; sourceTree = "<group>"; };
		6FBBC37D1BDC4D62009C333D /* Realm.framework */ = {isa = PBXFileReference; lastKnownFileType = wrapper.framework; name = Realm.framework; path = "/Users/amirfl/obj C/testbed/testingRealm/Realm.framework"; sourceTree = "<absolute>"; };
		6FBBC3811BDC4E61009C333D /* Realm.framework */ = {isa = PBXFileReference; lastKnownFileType = wrapper.framework; path = Realm.framework; sourceTree = "<group>"; };
		6FBBC3871BDC5116009C333D /* Person.h */ = {isa = PBXFileReference; fileEncoding = 4; lastKnownFileType = sourcecode.c.h; path = Person.h; sourceTree = "<group>"; };
		6FBBC3881BDC5116009C333D /* Person.m */ = {isa = PBXFileReference; fileEncoding = 4; lastKnownFileType = sourcecode.c.objc; path = Person.m; sourceTree = "<group>"; };
/* End PBXFileReference section */

/* Begin PBXFrameworksBuildPhase section */
		6FBBC3611BDC4BBC009C333D /* Frameworks */ = {
			isa = PBXFrameworksBuildPhase;
			buildActionMask = 2147483647;
			files = (
				6FBBC3821BDC4E61009C333D /* Realm.framework in Frameworks */,
				6FBBC37E1BDC4D62009C333D /* Realm.framework in Frameworks */,
			);
			runOnlyForDeploymentPostprocessing = 0;
		};
/* End PBXFrameworksBuildPhase section */

/* Begin PBXGroup section */
		6FBBC35B1BDC4BBC009C333D = {
			isa = PBXGroup;
			children = (
				6FBBC3811BDC4E61009C333D /* Realm.framework */,
				6FBBC3661BDC4BBC009C333D /* testingRealm */,
				6FBBC3651BDC4BBC009C333D /* Products */,
			);
			sourceTree = "<group>";
		};
		6FBBC3651BDC4BBC009C333D /* Products */ = {
			isa = PBXGroup;
			children = (
				6FBBC3641BDC4BBC009C333D /* testingRealm.app */,
			);
			name = Products;
			sourceTree = "<group>";
		};
		6FBBC3661BDC4BBC009C333D /* testingRealm */ = {
			isa = PBXGroup;
			children = (
				6FBBC3671BDC4BBC009C333D /* AppDelegate.h */,
				6FBBC3681BDC4BBC009C333D /* AppDelegate.m */,
				6FBBC36D1BDC4BBC009C333D /* Assets.xcassets */,
				6FBBC36F1BDC4BBD009C333D /* MainMenu.xib */,
				6FBBC3721BDC4BBD009C333D /* Info.plist */,
				6FBBC38A1BDC511B009C333D /* Models */,
				6FBBC36A1BDC4BBC009C333D /* Supporting Files */,
			);
			path = testingRealm;
			sourceTree = "<group>";
		};
		6FBBC36A1BDC4BBC009C333D /* Supporting Files */ = {
			isa = PBXGroup;
			children = (
				6FBBC36B1BDC4BBC009C333D /* main.m */,
			);
			name = "Supporting Files";
			sourceTree = "<group>";
		};
		6FBBC38A1BDC511B009C333D /* Models */ = {
			isa = PBXGroup;
			children = (
				6FBBC3871BDC5116009C333D /* Person.h */,
				6FBBC3881BDC5116009C333D /* Person.m */,
			);
			name = Models;
			sourceTree = "<group>";
		};
/* End PBXGroup section */

/* Begin PBXNativeTarget section */
		6FBBC3631BDC4BBC009C333D /* testingRealm */ = {
			isa = PBXNativeTarget;
			buildConfigurationList = 6FBBC3751BDC4BBD009C333D /* Build configuration list for PBXNativeTarget "testingRealm" */;
			buildPhases = (
				6FBBC3601BDC4BBC009C333D /* Sources */,
				6FBBC3611BDC4BBC009C333D /* Frameworks */,
				6FBBC3621BDC4BBC009C333D /* Resources */,
				6FBBC3841BDC4E61009C333D /* Embed Frameworks */,
			);
			buildRules = (
			);
			dependencies = (
			);
			name = testingRealm;
			productName = testingRealm;
			productReference = 6FBBC3641BDC4BBC009C333D /* testingRealm.app */;
			productType = "com.apple.product-type.application";
		};
/* End PBXNativeTarget section */

/* Begin PBXProject section */
		6FBBC35C1BDC4BBC009C333D /* Project object */ = {
			isa = PBXProject;
			attributes = {
				LastUpgradeCheck = 0700;
				ORGANIZATIONNAME = "Amir Fleminger-Fleminger Media LLC";
				TargetAttributes = {
					6FBBC3631BDC4BBC009C333D = {
						CreatedOnToolsVersion = 7.0.1;
					};
				};
			};
			buildConfigurationList = 6FBBC35F1BDC4BBC009C333D /* Build configuration list for PBXProject "testingRealm" */;
			compatibilityVersion = "Xcode 3.2";
			developmentRegion = English;
			hasScannedForEncodings = 0;
			knownRegions = (
				en,
				Base,
			);
			mainGroup = 6FBBC35B1BDC4BBC009C333D;
			productRefGroup = 6FBBC3651BDC4BBC009C333D /* Products */;
			projectDirPath = "";
			projectRoot = "";
			targets = (
				6FBBC3631BDC4BBC009C333D /* testingRealm */,
			);
		};
/* End PBXProject section */

/* Begin PBXResourcesBuildPhase section */
		6FBBC3621BDC4BBC009C333D /* Resources */ = {
			isa = PBXResourcesBuildPhase;
			buildActionMask = 2147483647;
			files = (
				6FBBC36E1BDC4BBC009C333D /* Assets.xcassets in Resources */,
				6FBBC3711BDC4BBD009C333D /* MainMenu.xib in Resources */,
			);
			runOnlyForDeploymentPostprocessing = 0;
		};
/* End PBXResourcesBuildPhase section */

/* Begin PBXSourcesBuildPhase section */
		6FBBC3601BDC4BBC009C333D /* Sources */ = {
			isa = PBXSourcesBuildPhase;
			buildActionMask = 2147483647;
			files = (
				6FBBC3891BDC5116009C333D /* Person.m in Sources */,
				6FBBC36C1BDC4BBC009C333D /* main.m in Sources */,
				6FBBC3691BDC4BBC009C333D /* AppDelegate.m in Sources */,
			);
			runOnlyForDeploymentPostprocessing = 0;
		};
/* End PBXSourcesBuildPhase section */

/* Begin PBXVariantGroup section */
		6FBBC36F1BDC4BBD009C333D /* MainMenu.xib */ = {
			isa = PBXVariantGroup;
			children = (
				6FBBC3701BDC4BBD009C333D /* Base */,
			);
			name = MainMenu.xib;
			sourceTree = "<group>";
		};
/* End PBXVariantGroup section */

/* Begin XCBuildConfiguration section */
		6FBBC3731BDC4BBD009C333D /* Debug */ = {
			isa = XCBuildConfiguration;
			buildSettings = {
				ALWAYS_SEARCH_USER_PATHS = NO;
				CLANG_CXX_LANGUAGE_STANDARD = "gnu++0x";
				CLANG_CXX_LIBRARY = "libc++";
				CLANG_ENABLE_MODULES = YES;
				CLANG_ENABLE_OBJC_ARC = YES;
				CLANG_WARN_BOOL_CONVERSION = YES;
				CLANG_WARN_CONSTANT_CONVERSION = YES;
				CLANG_WARN_DIRECT_OBJC_ISA_USAGE = YES_ERROR;
				CLANG_WARN_EMPTY_BODY = YES;
				CLANG_WARN_ENUM_CONVERSION = YES;
				CLANG_WARN_INT_CONVERSION = YES;
				CLANG_WARN_OBJC_ROOT_CLASS = YES_ERROR;
				CLANG_WARN_UNREACHABLE_CODE = YES;
				CLANG_WARN__DUPLICATE_METHOD_MATCH = YES;
				CODE_SIGN_IDENTITY = "-";
				COPY_PHASE_STRIP = NO;
				DEBUG_INFORMATION_FORMAT = dwarf;
				ENABLE_STRICT_OBJC_MSGSEND = YES;
				ENABLE_TESTABILITY = YES;
				GCC_C_LANGUAGE_STANDARD = gnu99;
				GCC_DYNAMIC_NO_PIC = NO;
				GCC_NO_COMMON_BLOCKS = YES;
				GCC_OPTIMIZATION_LEVEL = 0;
				GCC_PREPROCESSOR_DEFINITIONS = (
					"DEBUG=1",
					"$(inherited)",
				);
				GCC_WARN_64_TO_32_BIT_CONVERSION = YES;
				GCC_WARN_ABOUT_RETURN_TYPE = YES_ERROR;
				GCC_WARN_UNDECLARED_SELECTOR = YES;
				GCC_WARN_UNINITIALIZED_AUTOS = YES_AGGRESSIVE;
				GCC_WARN_UNUSED_FUNCTION = YES;
				GCC_WARN_UNUSED_VARIABLE = YES;
				MACOSX_DEPLOYMENT_TARGET = 10.11;
				MTL_ENABLE_DEBUG_INFO = YES;
				ONLY_ACTIVE_ARCH = YES;
				SDKROOT = macosx;
			};
			name = Debug;
		};
		6FBBC3741BDC4BBD009C333D /* Release */ = {
			isa = XCBuildConfiguration;
			buildSettings = {
				ALWAYS_SEARCH_USER_PATHS = NO;
				CLANG_CXX_LANGUAGE_STANDARD = "gnu++0x";
				CLANG_CXX_LIBRARY = "libc++";
				CLANG_ENABLE_MODULES = YES;
				CLANG_ENABLE_OBJC_ARC = YES;
				CLANG_WARN_BOOL_CONVERSION = YES;
				CLANG_WARN_CONSTANT_CONVERSION = YES;
				CLANG_WARN_DIRECT_OBJC_ISA_USAGE = YES_ERROR;
				CLANG_WARN_EMPTY_BODY = YES;
				CLANG_WARN_ENUM_CONVERSION = YES;
				CLANG_WARN_INT_CONVERSION = YES;
				CLANG_WARN_OBJC_ROOT_CLASS = YES_ERROR;
				CLANG_WARN_UNREACHABLE_CODE = YES;
				CLANG_WARN__DUPLICATE_METHOD_MATCH = YES;
				CODE_SIGN_IDENTITY = "-";
				COPY_PHASE_STRIP = NO;
				DEBUG_INFORMATION_FORMAT = "dwarf-with-dsym";
				ENABLE_NS_ASSERTIONS = NO;
				ENABLE_STRICT_OBJC_MSGSEND = YES;
				GCC_C_LANGUAGE_STANDARD = gnu99;
				GCC_NO_COMMON_BLOCKS = YES;
				GCC_WARN_64_TO_32_BIT_CONVERSION = YES;
				GCC_WARN_ABOUT_RETURN_TYPE = YES_ERROR;
				GCC_WARN_UNDECLARED_SELECTOR = YES;
				GCC_WARN_UNINITIALIZED_AUTOS = YES_AGGRESSIVE;
				GCC_WARN_UNUSED_FUNCTION = YES;
				GCC_WARN_UNUSED_VARIABLE = YES;
				MACOSX_DEPLOYMENT_TARGET = 10.11;
				MTL_ENABLE_DEBUG_INFO = NO;
				SDKROOT = macosx;
			};
			name = Release;
		};
		6FBBC3761BDC4BBD009C333D /* Debug */ = {
			isa = XCBuildConfiguration;
			buildSettings = {
				ASSETCATALOG_COMPILER_APPICON_NAME = AppIcon;
				COMBINE_HIDPI_IMAGES = YES;
				FRAMEWORK_SEARCH_PATHS = (
					"$(inherited)",
					"$(PROJECT_DIR)",
				);
				INFOPLIST_FILE = testingRealm/Info.plist;
				LD_RUNPATH_SEARCH_PATHS = "$(inherited) @executable_path/../Frameworks";
				PRODUCT_BUNDLE_IDENTIFIER = com.flemingermedia.testingRealm;
				PRODUCT_NAME = "$(TARGET_NAME)";
			};
			name = Debug;
		};
		6FBBC3771BDC4BBD009C333D /* Release */ = {
			isa = XCBuildConfiguration;
			buildSettings = {
				ASSETCATALOG_COMPILER_APPICON_NAME = AppIcon;
				COMBINE_HIDPI_IMAGES = YES;
				FRAMEWORK_SEARCH_PATHS = (
					"$(inherited)",
					"$(PROJECT_DIR)",
				);
				INFOPLIST_FILE = testingRealm/Info.plist;
				LD_RUNPATH_SEARCH_PATHS = "$(inherited) @executable_path/../Frameworks";
				PRODUCT_BUNDLE_IDENTIFIER = com.flemingermedia.testingRealm;
				PRODUCT_NAME = "$(TARGET_NAME)";
			};
			name = Release;
		};
/* End XCBuildConfiguration section */

/* Begin XCConfigurationList section */
		6FBBC35F1BDC4BBC009C333D /* Build configuration list for PBXProject "testingRealm" */ = {
			isa = XCConfigurationList;
			buildConfigurations = (
				6FBBC3731BDC4BBD009C333D /* Debug */,
				6FBBC3741BDC4BBD009C333D /* Release */,
			);
			defaultConfigurationIsVisible = 0;
			defaultConfigurationName = Release;
		};
		6FBBC3751BDC4BBD009C333D /* Build configuration list for PBXNativeTarget "testingRealm" */ = {
			isa = XCConfigurationList;
			buildConfigurations = (
				6FBBC3761BDC4BBD009C333D /* Debug */,
				6FBBC3771BDC4BBD009C333D /* Release */,
			);
			defaultConfigurationIsVisible = 0;
		};
/* End XCConfigurationList section */
	};
	rootObject = 6FBBC35C1BDC4BBC009C333D /* Project object */;
}
